
Microsoft Visual Studio Solution File, Format Version 12.00
# Visual Studio Version 16
VisualStudioVersion = 16.0.31025.194
MinimumVisualStudioVersion = 10.0.40219.1
Project("{FAE04EC0-301F-11D3-BF4B-00C04F79EFBC}") = "ListboxWinApp", "ListboxWinAp\ListboxWinApp.csproj", "{C6795658-8A7F-4EEE-9A85-0DB1B0239786}"
EndProject
Project("{FAE04EC0-301F-11D3-BF4B-00C04F79EFBC}") = "RestaurantSelApp", "Restaurant\RestaurantSelApp.csproj", "{25775BC9-A1C2-4BF1-8060-6EFF04DA89B3}"
EndProject
Project("{FAE04EC0-301F-11D3-BF4B-00C04F79EFBC}") = "TravelWishApp", "TravelWishApp\TravelWishApp.csproj", "{81CCD2F4-6EF3-4F2D-8BD7-2FE524F418D2}"
EndProject
Project("{FAE04EC0-301F-11D3-BF4B-00C04F79EFBC}") = "ListViewApp", "ListViewApp\ListViewApp.csproj", "{CCFD4D71-8F7B-4EDC-86E8-3B7B99A3549E}"
EndProject
Project("{FAE04EC0-301F-11D3-BF4B-00C04F79EFBC}") = "StudyHistoryApp", "StudyHistoryApp\StudyHistoryApp.csproj", "{40DE8A9D-E4AE-468D-9D13-1596D837EA75}"
EndProject
Project("{FAE04EC0-301F-11D3-BF4B-00C04F79EFBC}") = "DigitalClockApp", "DigitalClockApp\DigitalClockApp.csproj", "{EBFF5C69-6240-4352-B687-7B2446C802BE}"
EndProject
Project("{FAE04EC0-301F-11D3-BF4B-00C04F79EFBC}") = "DateCalcApp", "DateCalcApp\DateCalcApp.csproj", "{E59FA654-8D5C-420E-AD5B-86361195163E}"
EndProject
Project("{FAE04EC0-301F-11D3-BF4B-00C04F79EFBC}") = "AlarmClockApp", "AlarmClockApp\AlarmClockApp.csproj", "{6F14C9B2-BAED-4BAE-BD03-30A01F313AEF}"
EndProject
Project("{FAE04EC0-301F-11D3-BF4B-00C04F79EFBC}") = "MoviePlayerApp", "MoviePlayerApp\MoviePlayerApp.csproj", "{BC2C6115-1581-4747-92BA-1DB8B3335FBB}"
EndProject
Project("{FAE04EC0-301F-11D3-BF4B-00C04F79EFBC}") = "TextViewerApp", "TextViewerApp\TextViewerApp.csproj", "{D2EF7BA6-68B3-4BE1-A2AE-854D49E17C8D}"
EndProject
Project("{FAE04EC0-301F-11D3-BF4B-00C04F79EFBC}") = "SimpleGraphicEditor", "SimpleGraphicEditor\SimpleGraphicEditor.csproj", "{31DE9903-0459-4992-8AC0-EFD4A2A73591}"
EndProject
Project("{FAE04EC0-301F-11D3-BF4B-00C04F79EFBC}") = "HelloWpfApp", "HelloWpfApp\HelloWpfApp.csproj", "{1F4B0200-1A3E-45EE-9C31-D45EAD2C429E}"
EndProject
Project("{FAE04EC0-301F-11D3-BF4B-00C04F79EFBC}") = "WpfLayout", "WpfLayout\WpfLayout.csproj", "{C0690925-ED57-4EA5-A439-F55D583E1F04}"
EndProject
Project("{FAE04EC0-301F-11D3-BF4B-00C04F79EFBC}") = "BmlCalcApp", "BmlCalcApp\BmlCalcApp.csproj", "{F5B946D3-C92D-4E25-B43E-F2842AA4147D}"
EndProject
Project("{FAE04EC0-301F-11D3-BF4B-00C04F79EFBC}") = "BlinkerApp", "BlinkerApp\BlinkerApp.csproj", "{D6EAFFE4-B54A-434A-B99F-AD7C379A906B}"
EndProject
Global
	GlobalSection(SolutionConfigurationPlatforms) = preSolution
		Debug|Any CPU = Debug|Any CPU
		Release|Any CPU = Release|Any CPU
	EndGlobalSection
	GlobalSection(ProjectConfigurationPlatforms) = postSolution
		{C6795658-8A7F-4EEE-9A85-0DB1B0239786}.Debug|Any CPU.ActiveCfg = Debug|Any CPU
		{C6795658-8A7F-4EEE-9A85-0DB1B0239786}.Debug|Any CPU.Build.0 = Debug|Any CPU
		{C6795658-8A7F-4EEE-9A85-0DB1B0239786}.Release|Any CPU.ActiveCfg = Release|Any CPU
		{C6795658-8A7F-4EEE-9A85-0DB1B0239786}.Release|Any CPU.Build.0 = Release|Any CPU
		{25775BC9-A1C2-4BF1-8060-6EFF04DA89B3}.Debug|Any CPU.ActiveCfg = Debug|Any CPU
		{25775BC9-A1C2-4BF1-8060-6EFF04DA89B3}.Debug|Any CPU.Build.0 = Debug|Any CPU
		{25775BC9-A1C2-4BF1-8060-6EFF04DA89B3}.Release|Any CPU.ActiveCfg = Release|Any CPU
		{25775BC9-A1C2-4BF1-8060-6EFF04DA89B3}.Release|Any CPU.Build.0 = Release|Any CPU
		{81CCD2F4-6EF3-4F2D-8BD7-2FE524F418D2}.Debug|Any CPU.ActiveCfg = Debug|Any CPU
		{81CCD2F4-6EF3-4F2D-8BD7-2FE524F418D2}.Debug|Any CPU.Build.0 = Debug|Any CPU
		{81CCD2F4-6EF3-4F2D-8BD7-2FE524F418D2}.Release|Any CPU.ActiveCfg = Release|Any CPU
		{81CCD2F4-6EF3-4F2D-8BD7-2FE524F418D2}.Release|Any CPU.Build.0 = Release|Any CPU
		{CCFD4D71-8F7B-4EDC-86E8-3B7B99A3549E}.Debug|Any CPU.ActiveCfg = Debug|Any CPU
		{CCFD4D71-8F7B-4EDC-86E8-3B7B99A3549E}.Debug|Any CPU.Build.0 = Debug|Any CPU
		{CCFD4D71-8F7B-4EDC-86E8-3B7B99A3549E}.Release|Any CPU.ActiveCfg = Release|Any CPU
		{CCFD4D71-8F7B-4EDC-86E8-3B7B99A3549E}.Release|Any CPU.Build.0 = Release|Any CPU
		{40DE8A9D-E4AE-468D-9D13-1596D837EA75}.Debug|Any CPU.ActiveCfg = Debug|Any CPU
		{40DE8A9D-E4AE-468D-9D13-1596D837EA75}.Debug|Any CPU.Build.0 = Debug|Any CPU
		{40DE8A9D-E4AE-468D-9D13-1596D837EA75}.Release|Any CPU.ActiveCfg = Release|Any CPU
		{40DE8A9D-E4AE-468D-9D13-1596D837EA75}.Release|Any CPU.Build.0 = Release|Any CPU
		{EBFF5C69-6240-4352-B687-7B2446C802BE}.Debug|Any CPU.ActiveCfg = Debug|Any CPU
		{EBFF5C69-6240-4352-B687-7B2446C802BE}.Debug|Any CPU.Build.0 = Debug|Any CPU
		{EBFF5C69-6240-4352-B687-7B2446C802BE}.Release|Any CPU.ActiveCfg = Release|Any CPU
		{EBFF5C69-6240-4352-B687-7B2446C802BE}.Release|Any CPU.Build.0 = Release|Any CPU
		{E59FA654-8D5C-420E-AD5B-86361195163E}.Debug|Any CPU.ActiveCfg = Debug|Any CPU
		{E59FA654-8D5C-420E-AD5B-86361195163E}.Debug|Any CPU.Build.0 = Debug|Any CPU
		{E59FA654-8D5C-420E-AD5B-86361195163E}.Release|Any CPU.ActiveCfg = Release|Any CPU
		{E59FA654-8D5C-420E-AD5B-86361195163E}.Release|Any CPU.Build.0 = Release|Any CPU
		{6F14C9B2-BAED-4BAE-BD03-30A01F313AEF}.Debug|Any CPU.ActiveCfg = Debug|Any CPU
		{6F14C9B2-BAED-4BAE-BD03-30A01F313AEF}.Debug|Any CPU.Build.0 = Debug|Any CPU
		{6F14C9B2-BAED-4BAE-BD03-30A01F313AEF}.Release|Any CPU.ActiveCfg = Release|Any CPU
		{6F14C9B2-BAED-4BAE-BD03-30A01F313AEF}.Release|Any CPU.Build.0 = Release|Any CPU
		{BC2C6115-1581-4747-92BA-1DB8B3335FBB}.Debug|Any CPU.ActiveCfg = Debug|Any CPU
		{BC2C6115-1581-4747-92BA-1DB8B3335FBB}.Debug|Any CPU.Build.0 = Debug|Any CPU
		{BC2C6115-1581-4747-92BA-1DB8B3335FBB}.Release|Any CPU.ActiveCfg = Release|Any CPU
		{BC2C6115-1581-4747-92BA-1DB8B3335FBB}.Release|Any CPU.Build.0 = Release|Any CPU
		{D2EF7BA6-68B3-4BE1-A2AE-854D49E17C8D}.Debug|Any CPU.ActiveCfg = Debug|Any CPU
		{D2EF7BA6-68B3-4BE1-A2AE-854D49E17C8D}.Debug|Any CPU.Build.0 = Debug|Any CPU
		{D2EF7BA6-68B3-4BE1-A2AE-854D49E17C8D}.Release|Any CPU.ActiveCfg = Release|Any CPU
		{D2EF7BA6-68B3-4BE1-A2AE-854D49E17C8D}.Release|Any CPU.Build.0 = Release|Any CPU
		{31DE9903-0459-4992-8AC0-EFD4A2A73591}.Debug|Any CPU.ActiveCfg = Debug|Any CPU
		{31DE9903-0459-4992-8AC0-EFD4A2A73591}.Debug|Any CPU.Build.0 = Debug|Any CPU
		{31DE9903-0459-4992-8AC0-EFD4A2A73591}.Release|Any CPU.ActiveCfg = Release|Any CPU
		{31DE9903-0459-4992-8AC0-EFD4A2A73591}.Release|Any CPU.Build.0 = Release|Any CPU
		{1F4B0200-1A3E-45EE-9C31-D45EAD2C429E}.Debug|Any CPU.ActiveCfg = Debug|Any CPU
		{1F4B0200-1A3E-45EE-9C31-D45EAD2C429E}.Debug|Any CPU.Build.0 = Debug|Any CPU
		{1F4B0200-1A3E-45EE-9C31-D45EAD2C429E}.Release|Any CPU.ActiveCfg = Release|Any CPU
		{1F4B0200-1A3E-45EE-9C31-D45EAD2C429E}.Release|Any CPU.Build.0 = Release|Any CPU
		{C0690925-ED57-4EA5-A439-F55D583E1F04}.Debug|Any CPU.ActiveCfg = Debug|Any CPU
		{C0690925-ED57-4EA5-A439-F55D583E1F04}.Debug|Any CPU.Build.0 = Debug|Any CPU
		{C0690925-ED57-4EA5-A439-F55D583E1F04}.Release|Any CPU.ActiveCfg = Release|Any CPU
		{C0690925-ED57-4EA5-A439-F55D583E1F04}.Release|Any CPU.Build.0 = Release|Any CPU
		{F5B946D3-C92D-4E25-B43E-F2842AA4147D}.Debug|Any CPU.ActiveCfg = Debug|Any CPU
		{F5B946D3-C92D-4E25-B43E-F2842AA4147D}.Debug|Any CPU.Build.0 = Debug|Any CPU
		{F5B946D3-C92D-4E25-B43E-F2842AA4147D}.Release|Any CPU.ActiveCfg = Release|Any CPU
		{F5B946D3-C92D-4E25-B43E-F2842AA4147D}.Release|Any CPU.Build.0 = Release|Any CPU
		{D6EAFFE4-B54A-434A-B99F-AD7C379A906B}.Debug|Any CPU.ActiveCfg = Debug|Any CPU
		{D6EAFFE4-B54A-434A-B99F-AD7C379A906B}.Debug|Any CPU.Build.0 = Debug|Any CPU
		{D6EAFFE4-B54A-434A-B99F-AD7C379A906B}.Release|Any CPU.ActiveCfg = Release|Any CPU
		{D6EAFFE4-B54A-434A-B99F-AD7C379A906B}.Release|Any CPU.Build.0 = Release|Any CPU
	EndGlobalSection
	GlobalSection(SolutionProperties) = preSolution
		HideSolutionNode = FALSE
	EndGlobalSection
	GlobalSection(ExtensibilityGlobals) = postSolution
		SolutionGuid = {B547D3BC-74B7-4A09-B671-A1CD78B16F27}
	EndGlobalSection
EndGlobal
