
Microsoft Visual Studio Solution File, Format Version 12.00
# Visual Studio Version 16
VisualStudioVersion = 16.0.31025.194
MinimumVisualStudioVersion = 10.0.40219.1
Project("{FAE04EC0-301F-11D3-BF4B-00C04F79EFBC}") = "WinCalculatorApp", "WinCalculatorApp\WinCalculatorApp.csproj", "{A46AE6A5-86DB-4B56-BBCC-17120871410B}"
EndProject
Project("{FAE04EC0-301F-11D3-BF4B-00C04F79EFBC}") = "MyNotePadApp", "MyNotePadApp\MyNotePadApp.csproj", "{ED64212A-BED0-4B9A-9ACE-41081B44DC25}"
EndProject
Project("{FAE04EC0-301F-11D3-BF4B-00C04F79EFBC}") = "SnakeBiteGame", "SnakeBiteGame\SnakeBiteGame.csproj", "{C271102B-F995-4672-AB79-79065C0C7E80}"
EndProject
Global
	GlobalSection(SolutionConfigurationPlatforms) = preSolution
		Debug|Any CPU = Debug|Any CPU
		Release|Any CPU = Release|Any CPU
	EndGlobalSection
	GlobalSection(ProjectConfigurationPlatforms) = postSolution
		{A46AE6A5-86DB-4B56-BBCC-17120871410B}.Debug|Any CPU.ActiveCfg = Debug|Any CPU
		{A46AE6A5-86DB-4B56-BBCC-17120871410B}.Debug|Any CPU.Build.0 = Debug|Any CPU
		{A46AE6A5-86DB-4B56-BBCC-17120871410B}.Release|Any CPU.ActiveCfg = Release|Any CPU
		{A46AE6A5-86DB-4B56-BBCC-17120871410B}.Release|Any CPU.Build.0 = Release|Any CPU
		{ED64212A-BED0-4B9A-9ACE-41081B44DC25}.Debug|Any CPU.ActiveCfg = Debug|Any CPU
		{ED64212A-BED0-4B9A-9ACE-41081B44DC25}.Debug|Any CPU.Build.0 = Debug|Any CPU
		{ED64212A-BED0-4B9A-9ACE-41081B44DC25}.Release|Any CPU.ActiveCfg = Release|Any CPU
		{ED64212A-BED0-4B9A-9ACE-41081B44DC25}.Release|Any CPU.Build.0 = Release|Any CPU
		{C271102B-F995-4672-AB79-79065C0C7E80}.Debug|Any CPU.ActiveCfg = Debug|Any CPU
		{C271102B-F995-4672-AB79-79065C0C7E80}.Debug|Any CPU.Build.0 = Debug|Any CPU
		{C271102B-F995-4672-AB79-79065C0C7E80}.Release|Any CPU.ActiveCfg = Release|Any CPU
		{C271102B-F995-4672-AB79-79065C0C7E80}.Release|Any CPU.Build.0 = Release|Any CPU
	EndGlobalSection
	GlobalSection(SolutionProperties) = preSolution
		HideSolutionNode = FALSE
	EndGlobalSection
	GlobalSection(ExtensibilityGlobals) = postSolution
		SolutionGuid = {786030B5-366D-46DB-9569-AA856C912746}
	EndGlobalSection
EndGlobal
