
Microsoft Visual Studio Solution File, Format Version 12.00
# Visual Studio Version 16
VisualStudioVersion = 16.0.31025.194
MinimumVisualStudioVersion = 10.0.40219.1
Project("{FAE04EC0-301F-11D3-BF4B-00C04F79EFBC}") = "WpfCalculatorApp", "WpfCalculatorApp\WpfCalculatorApp.csproj", "{8A455997-1116-4712-92FB-53BF1339CFBA}"
EndProject
Global
	GlobalSection(SolutionConfigurationPlatforms) = preSolution
		Debug|Any CPU = Debug|Any CPU
		Release|Any CPU = Release|Any CPU
	EndGlobalSection
	GlobalSection(ProjectConfigurationPlatforms) = postSolution
		{8A455997-1116-4712-92FB-53BF1339CFBA}.Debug|Any CPU.ActiveCfg = Debug|Any CPU
		{8A455997-1116-4712-92FB-53BF1339CFBA}.Debug|Any CPU.Build.0 = Debug|Any CPU
		{8A455997-1116-4712-92FB-53BF1339CFBA}.Release|Any CPU.ActiveCfg = Release|Any CPU
		{8A455997-1116-4712-92FB-53BF1339CFBA}.Release|Any CPU.Build.0 = Release|Any CPU
	EndGlobalSection
	GlobalSection(SolutionProperties) = preSolution
		HideSolutionNode = FALSE
	EndGlobalSection
	GlobalSection(ExtensibilityGlobals) = postSolution
		SolutionGuid = {70FC68F6-322B-4889-B861-AC2EFFFD898D}
	EndGlobalSection
EndGlobal
